// !$*UTF8*$!
{
	archiveVersion = 1;
	classes = {
	};
	objectVersion = 50;
	objects = {

/* Begin PBXBuildFile section */
		7462610924A412C30051633F /* AppDelegate.swift in Sources */ = {isa = PBXBuildFile; fileRef = 7462610824A412C30051633F /* AppDelegate.swift */; };
		7462610B24A412C30051633F /* SceneDelegate.swift in Sources */ = {isa = PBXBuildFile; fileRef = 7462610A24A412C30051633F /* SceneDelegate.swift */; };
		7462611224A412CF0051633F /* Assets.xcassets in Resources */ = {isa = PBXBuildFile; fileRef = 7462611124A412CF0051633F /* Assets.xcassets */; };
		7462611524A412CF0051633F /* LaunchScreen.storyboard in Resources */ = {isa = PBXBuildFile; fileRef = 7462611324A412CF0051633F /* LaunchScreen.storyboard */; };
		7462612024A412CF0051633F /* Twitch_FollowersTests.swift in Sources */ = {isa = PBXBuildFile; fileRef = 7462611F24A412CF0051633F /* Twitch_FollowersTests.swift */; };
		7462612B24A412CF0051633F /* Twitch_FollowersUITests.swift in Sources */ = {isa = PBXBuildFile; fileRef = 7462612A24A412CF0051633F /* Twitch_FollowersUITests.swift */; };
		7462613C24A42A530051633F /* TFTabBarController.swift in Sources */ = {isa = PBXBuildFile; fileRef = 7462613B24A42A530051633F /* TFTabBarController.swift */; };
		7462613F24A42B130051633F /* SearchVC.swift in Sources */ = {isa = PBXBuildFile; fileRef = 7462613E24A42B130051633F /* SearchVC.swift */; };
		7462614124A42B220051633F /* FavoritesListVC.swift in Sources */ = {isa = PBXBuildFile; fileRef = 7462614024A42B220051633F /* FavoritesListVC.swift */; };
		7462614524A51CB90051633F /* Constants.swift in Sources */ = {isa = PBXBuildFile; fileRef = 7462614424A51CB90051633F /* Constants.swift */; };
		7462614824A51E1D0051633F /* UIView+Ext.swift in Sources */ = {isa = PBXBuildFile; fileRef = 7462614724A51E1D0051633F /* UIView+Ext.swift */; };
		7462614B24A522820051633F /* TFTextField.swift in Sources */ = {isa = PBXBuildFile; fileRef = 7462614A24A522820051633F /* TFTextField.swift */; };
		7462614E24A5254D0051633F /* TFButton.swift in Sources */ = {isa = PBXBuildFile; fileRef = 7462614D24A5254D0051633F /* TFButton.swift */; };
		74D4DA9924A5356F00E7B453 /* FollowerListVC.swift in Sources */ = {isa = PBXBuildFile; fileRef = 74D4DA9824A5356F00E7B453 /* FollowerListVC.swift */; };
		74D4DA9C24A5451900E7B453 /* User.swift in Sources */ = {isa = PBXBuildFile; fileRef = 74D4DA9B24A5451900E7B453 /* User.swift */; };
		74D4DA9F24A5511500E7B453 /* NetworkManager.swift in Sources */ = {isa = PBXBuildFile; fileRef = 74D4DA9E24A5511500E7B453 /* NetworkManager.swift */; };
		74D4DAA124A5519B00E7B453 /* TFError.swift in Sources */ = {isa = PBXBuildFile; fileRef = 74D4DAA024A5519B00E7B453 /* TFError.swift */; };
		74D4DAA324A5612C00E7B453 /* Follower.swift in Sources */ = {isa = PBXBuildFile; fileRef = 74D4DAA224A5612C00E7B453 /* Follower.swift */; };
		74D4DAA624A57B7E00E7B453 /* FollowerCell.swift in Sources */ = {isa = PBXBuildFile; fileRef = 74D4DAA524A57B7E00E7B453 /* FollowerCell.swift */; };
		74D4DAA824A57BDC00E7B453 /* TFAvatarImageView.swift in Sources */ = {isa = PBXBuildFile; fileRef = 74D4DAA724A57BDC00E7B453 /* TFAvatarImageView.swift */; };
		74D4DAAB24A57FE200E7B453 /* TFTitleLabel.swift in Sources */ = {isa = PBXBuildFile; fileRef = 74D4DAAA24A57FE200E7B453 /* TFTitleLabel.swift */; };
		74D4DAAD24A583F100E7B453 /* UserInfoVC.swift in Sources */ = {isa = PBXBuildFile; fileRef = 74D4DAAC24A583F100E7B453 /* UserInfoVC.swift */; };
		74D4DAAF24A5847A00E7B453 /* UIHelper.swift in Sources */ = {isa = PBXBuildFile; fileRef = 74D4DAAE24A5847A00E7B453 /* UIHelper.swift */; };
		74D4DAB224A5850500E7B453 /* TFDataLoadingVC.swift in Sources */ = {isa = PBXBuildFile; fileRef = 74D4DAB124A5850500E7B453 /* TFDataLoadingVC.swift */; };
		74D4DAB424A678B200E7B453 /* TFAlertContainerView.swift in Sources */ = {isa = PBXBuildFile; fileRef = 74D4DAB324A678B200E7B453 /* TFAlertContainerView.swift */; };
		74D4DAB724A6797B00E7B453 /* TFAlertVC.swift in Sources */ = {isa = PBXBuildFile; fileRef = 74D4DAB624A6797B00E7B453 /* TFAlertVC.swift */; };
		74D4DAB924A679D200E7B453 /* TFBodyLabel.swift in Sources */ = {isa = PBXBuildFile; fileRef = 74D4DAB824A679D200E7B453 /* TFBodyLabel.swift */; };
		74D6BD2724A67E7E00207A19 /* UIViewController+Ext.swift in Sources */ = {isa = PBXBuildFile; fileRef = 74D6BD2624A67E7E00207A19 /* UIViewController+Ext.swift */; };
		74D6BD2924A6C1C900207A19 /* TFEmptyStateView.swift in Sources */ = {isa = PBXBuildFile; fileRef = 74D6BD2824A6C1C900207A19 /* TFEmptyStateView.swift */; };
		74D6BD2D24A8D8BF00207A19 /* NSLayoutConstraint+Ext.swift in Sources */ = {isa = PBXBuildFile; fileRef = 74D6BD2C24A8D8BF00207A19 /* NSLayoutConstraint+Ext.swift */; };
		74D6BD2F24AA7D1C00207A19 /* TFSecondaryTitleLabel.swift in Sources */ = {isa = PBXBuildFile; fileRef = 74D6BD2E24AA7D1C00207A19 /* TFSecondaryTitleLabel.swift */; };
		74D6BD3224AA86B000207A19 /* TFUserInfoHeaderVC.swift in Sources */ = {isa = PBXBuildFile; fileRef = 74D6BD3124AA86B000207A19 /* TFUserInfoHeaderVC.swift */; };
		74D6BD3524AAAFBA00207A19 /* Channel.swift in Sources */ = {isa = PBXBuildFile; fileRef = 74D6BD3424AAAFBA00207A19 /* Channel.swift */; };
		74D6BD3724AABAFD00207A19 /* TFChannelStatusImageView.swift in Sources */ = {isa = PBXBuildFile; fileRef = 74D6BD3624AABAFD00207A19 /* TFChannelStatusImageView.swift */; };
		74D6BD3924AE73C300207A19 /* TFChannelInfoVC.swift in Sources */ = {isa = PBXBuildFile; fileRef = 74D6BD3824AE73C300207A19 /* TFChannelInfoVC.swift */; };
		74D6BD3B24AE73FD00207A19 /* TFGameImageView.swift in Sources */ = {isa = PBXBuildFile; fileRef = 74D6BD3A24AE73FD00207A19 /* TFGameImageView.swift */; };
		74D6BD3D24AE79B800207A19 /* Game.swift in Sources */ = {isa = PBXBuildFile; fileRef = 74D6BD3C24AE79B800207A19 /* Game.swift */; };
		74D6BD3F24AE856500207A19 /* TFItemInfoVC.swift in Sources */ = {isa = PBXBuildFile; fileRef = 74D6BD3E24AE856500207A19 /* TFItemInfoVC.swift */; };
		74D6BD4324AE909900207A19 /* TFChannelItemVC.swift in Sources */ = {isa = PBXBuildFile; fileRef = 74D6BD4224AE909900207A19 /* TFChannelItemVC.swift */; };
		74D6BD4524AE951600207A19 /* TFFollowerItemVC.swift in Sources */ = {isa = PBXBuildFile; fileRef = 74D6BD4424AE951600207A19 /* TFFollowerItemVC.swift */; };
		74D6BD4724B68E4F00207A19 /* String+Ext.swift in Sources */ = {isa = PBXBuildFile; fileRef = 74D6BD4624B68E4F00207A19 /* String+Ext.swift */; };
		74D6BD4924BF61BE00207A19 /* StreamsVC.swift in Sources */ = {isa = PBXBuildFile; fileRef = 74D6BD4824BF61BE00207A19 /* StreamsVC.swift */; };
		74D6BD4B24BF864500207A19 /* Stream.swift in Sources */ = {isa = PBXBuildFile; fileRef = 74D6BD4A24BF864500207A19 /* Stream.swift */; };
		74D6BD4D24BF907800207A19 /* TFThumbnailImageView.swift in Sources */ = {isa = PBXBuildFile; fileRef = 74D6BD4C24BF907800207A19 /* TFThumbnailImageView.swift */; };
		74D6BD4F24BF90BE00207A19 /* TFViewerCountView.swift in Sources */ = {isa = PBXBuildFile; fileRef = 74D6BD4E24BF90BE00207A19 /* TFViewerCountView.swift */; };
		74D6BD5124BF92B800207A19 /* UITableView+Ext.swift in Sources */ = {isa = PBXBuildFile; fileRef = 74D6BD5024BF92B800207A19 /* UITableView+Ext.swift */; };
		74D6BD5324BF934B00207A19 /* StreamCell.swift in Sources */ = {isa = PBXBuildFile; fileRef = 74D6BD5224BF934B00207A19 /* StreamCell.swift */; };
		74D6BD5724C1085000207A19 /* PersistenceManager.swift in Sources */ = {isa = PBXBuildFile; fileRef = 74D6BD5624C1085000207A19 /* PersistenceManager.swift */; };
		74D6BD5924C11C4900207A19 /* FavoriteCell.swift in Sources */ = {isa = PBXBuildFile; fileRef = 74D6BD5824C11C4900207A19 /* FavoriteCell.swift */; };
		74D6BD5D24C6A92E00207A19 /* .gitignore in Resources */ = {isa = PBXBuildFile; fileRef = 74D6BD5C24C6A92D00207A19 /* .gitignore */; };
/* End PBXBuildFile section */

/* Begin PBXContainerItemProxy section */
		7462611C24A412CF0051633F /* PBXContainerItemProxy */ = {
			isa = PBXContainerItemProxy;
			containerPortal = 746260FD24A412C20051633F /* Project object */;
			proxyType = 1;
			remoteGlobalIDString = 7462610424A412C30051633F;
			remoteInfo = "Twitch Followers";
		};
		7462612724A412CF0051633F /* PBXContainerItemProxy */ = {
			isa = PBXContainerItemProxy;
			containerPortal = 746260FD24A412C20051633F /* Project object */;
			proxyType = 1;
			remoteGlobalIDString = 7462610424A412C30051633F;
			remoteInfo = "Twitch Followers";
		};
/* End PBXContainerItemProxy section */

/* Begin PBXFileReference section */
		7462610524A412C30051633F /* Twitch Followers.app */ = {isa = PBXFileReference; explicitFileType = wrapper.application; includeInIndex = 0; path = "Twitch Followers.app"; sourceTree = BUILT_PRODUCTS_DIR; };
		7462610824A412C30051633F /* AppDelegate.swift */ = {isa = PBXFileReference; lastKnownFileType = sourcecode.swift; path = AppDelegate.swift; sourceTree = "<group>"; };
		7462610A24A412C30051633F /* SceneDelegate.swift */ = {isa = PBXFileReference; lastKnownFileType = sourcecode.swift; path = SceneDelegate.swift; sourceTree = "<group>"; };
		7462611124A412CF0051633F /* Assets.xcassets */ = {isa = PBXFileReference; lastKnownFileType = folder.assetcatalog; path = Assets.xcassets; sourceTree = "<group>"; };
		7462611424A412CF0051633F /* Base */ = {isa = PBXFileReference; lastKnownFileType = file.storyboard; name = Base; path = Base.lproj/LaunchScreen.storyboard; sourceTree = "<group>"; };
		7462611624A412CF0051633F /* Info.plist */ = {isa = PBXFileReference; lastKnownFileType = text.plist.xml; path = Info.plist; sourceTree = "<group>"; };
		7462611B24A412CF0051633F /* Twitch FollowersTests.xctest */ = {isa = PBXFileReference; explicitFileType = wrapper.cfbundle; includeInIndex = 0; path = "Twitch FollowersTests.xctest"; sourceTree = BUILT_PRODUCTS_DIR; };
		7462611F24A412CF0051633F /* Twitch_FollowersTests.swift */ = {isa = PBXFileReference; lastKnownFileType = sourcecode.swift; path = Twitch_FollowersTests.swift; sourceTree = "<group>"; };
		7462612124A412CF0051633F /* Info.plist */ = {isa = PBXFileReference; lastKnownFileType = text.plist.xml; path = Info.plist; sourceTree = "<group>"; };
		7462612624A412CF0051633F /* Twitch FollowersUITests.xctest */ = {isa = PBXFileReference; explicitFileType = wrapper.cfbundle; includeInIndex = 0; path = "Twitch FollowersUITests.xctest"; sourceTree = BUILT_PRODUCTS_DIR; };
		7462612A24A412CF0051633F /* Twitch_FollowersUITests.swift */ = {isa = PBXFileReference; lastKnownFileType = sourcecode.swift; path = Twitch_FollowersUITests.swift; sourceTree = "<group>"; };
		7462612C24A412CF0051633F /* Info.plist */ = {isa = PBXFileReference; lastKnownFileType = text.plist.xml; path = Info.plist; sourceTree = "<group>"; };
		7462613B24A42A530051633F /* TFTabBarController.swift */ = {isa = PBXFileReference; lastKnownFileType = sourcecode.swift; path = TFTabBarController.swift; sourceTree = "<group>"; };
		7462613E24A42B130051633F /* SearchVC.swift */ = {isa = PBXFileReference; lastKnownFileType = sourcecode.swift; path = SearchVC.swift; sourceTree = "<group>"; };
		7462614024A42B220051633F /* FavoritesListVC.swift */ = {isa = PBXFileReference; lastKnownFileType = sourcecode.swift; path = FavoritesListVC.swift; sourceTree = "<group>"; };
		7462614424A51CB90051633F /* Constants.swift */ = {isa = PBXFileReference; lastKnownFileType = sourcecode.swift; path = Constants.swift; sourceTree = "<group>"; };
		7462614724A51E1D0051633F /* UIView+Ext.swift */ = {isa = PBXFileReference; lastKnownFileType = sourcecode.swift; path = "UIView+Ext.swift"; sourceTree = "<group>"; };
		7462614A24A522820051633F /* TFTextField.swift */ = {isa = PBXFileReference; lastKnownFileType = sourcecode.swift; path = TFTextField.swift; sourceTree = "<group>"; };
		7462614D24A5254D0051633F /* TFButton.swift */ = {isa = PBXFileReference; lastKnownFileType = sourcecode.swift; path = TFButton.swift; sourceTree = "<group>"; };
		74D4DA9824A5356F00E7B453 /* FollowerListVC.swift */ = {isa = PBXFileReference; lastKnownFileType = sourcecode.swift; path = FollowerListVC.swift; sourceTree = "<group>"; };
		74D4DA9B24A5451900E7B453 /* User.swift */ = {isa = PBXFileReference; lastKnownFileType = sourcecode.swift; path = User.swift; sourceTree = "<group>"; };
		74D4DA9E24A5511500E7B453 /* NetworkManager.swift */ = {isa = PBXFileReference; lastKnownFileType = sourcecode.swift; path = NetworkManager.swift; sourceTree = "<group>"; };
		74D4DAA024A5519B00E7B453 /* TFError.swift */ = {isa = PBXFileReference; lastKnownFileType = sourcecode.swift; path = TFError.swift; sourceTree = "<group>"; };
		74D4DAA224A5612C00E7B453 /* Follower.swift */ = {isa = PBXFileReference; lastKnownFileType = sourcecode.swift; path = Follower.swift; sourceTree = "<group>"; };
		74D4DAA524A57B7E00E7B453 /* FollowerCell.swift */ = {isa = PBXFileReference; lastKnownFileType = sourcecode.swift; path = FollowerCell.swift; sourceTree = "<group>"; };
		74D4DAA724A57BDC00E7B453 /* TFAvatarImageView.swift */ = {isa = PBXFileReference; lastKnownFileType = sourcecode.swift; path = TFAvatarImageView.swift; sourceTree = "<group>"; };
		74D4DAAA24A57FE200E7B453 /* TFTitleLabel.swift */ = {isa = PBXFileReference; lastKnownFileType = sourcecode.swift; path = TFTitleLabel.swift; sourceTree = "<group>"; };
		74D4DAAC24A583F100E7B453 /* UserInfoVC.swift */ = {isa = PBXFileReference; lastKnownFileType = sourcecode.swift; path = UserInfoVC.swift; sourceTree = "<group>"; };
		74D4DAAE24A5847A00E7B453 /* UIHelper.swift */ = {isa = PBXFileReference; lastKnownFileType = sourcecode.swift; path = UIHelper.swift; sourceTree = "<group>"; };
		74D4DAB124A5850500E7B453 /* TFDataLoadingVC.swift */ = {isa = PBXFileReference; lastKnownFileType = sourcecode.swift; path = TFDataLoadingVC.swift; sourceTree = "<group>"; };
		74D4DAB324A678B200E7B453 /* TFAlertContainerView.swift */ = {isa = PBXFileReference; lastKnownFileType = sourcecode.swift; path = TFAlertContainerView.swift; sourceTree = "<group>"; };
		74D4DAB624A6797B00E7B453 /* TFAlertVC.swift */ = {isa = PBXFileReference; lastKnownFileType = sourcecode.swift; path = TFAlertVC.swift; sourceTree = "<group>"; };
		74D4DAB824A679D200E7B453 /* TFBodyLabel.swift */ = {isa = PBXFileReference; lastKnownFileType = sourcecode.swift; path = TFBodyLabel.swift; sourceTree = "<group>"; };
		74D6BD2624A67E7E00207A19 /* UIViewController+Ext.swift */ = {isa = PBXFileReference; lastKnownFileType = sourcecode.swift; path = "UIViewController+Ext.swift"; sourceTree = "<group>"; };
		74D6BD2824A6C1C900207A19 /* TFEmptyStateView.swift */ = {isa = PBXFileReference; lastKnownFileType = sourcecode.swift; path = TFEmptyStateView.swift; sourceTree = "<group>"; };
		74D6BD2C24A8D8BF00207A19 /* NSLayoutConstraint+Ext.swift */ = {isa = PBXFileReference; lastKnownFileType = sourcecode.swift; path = "NSLayoutConstraint+Ext.swift"; sourceTree = "<group>"; };
		74D6BD2E24AA7D1C00207A19 /* TFSecondaryTitleLabel.swift */ = {isa = PBXFileReference; lastKnownFileType = sourcecode.swift; path = TFSecondaryTitleLabel.swift; sourceTree = "<group>"; };
		74D6BD3124AA86B000207A19 /* TFUserInfoHeaderVC.swift */ = {isa = PBXFileReference; lastKnownFileType = sourcecode.swift; path = TFUserInfoHeaderVC.swift; sourceTree = "<group>"; };
		74D6BD3424AAAFBA00207A19 /* Channel.swift */ = {isa = PBXFileReference; lastKnownFileType = sourcecode.swift; path = Channel.swift; sourceTree = "<group>"; };
		74D6BD3624AABAFD00207A19 /* TFChannelStatusImageView.swift */ = {isa = PBXFileReference; lastKnownFileType = sourcecode.swift; path = TFChannelStatusImageView.swift; sourceTree = "<group>"; };
		74D6BD3824AE73C300207A19 /* TFChannelInfoVC.swift */ = {isa = PBXFileReference; lastKnownFileType = sourcecode.swift; path = TFChannelInfoVC.swift; sourceTree = "<group>"; };
		74D6BD3A24AE73FD00207A19 /* TFGameImageView.swift */ = {isa = PBXFileReference; lastKnownFileType = sourcecode.swift; path = TFGameImageView.swift; sourceTree = "<group>"; };
		74D6BD3C24AE79B800207A19 /* Game.swift */ = {isa = PBXFileReference; lastKnownFileType = sourcecode.swift; path = Game.swift; sourceTree = "<group>"; };
		74D6BD3E24AE856500207A19 /* TFItemInfoVC.swift */ = {isa = PBXFileReference; lastKnownFileType = sourcecode.swift; path = TFItemInfoVC.swift; sourceTree = "<group>"; };
		74D6BD4224AE909900207A19 /* TFChannelItemVC.swift */ = {isa = PBXFileReference; lastKnownFileType = sourcecode.swift; path = TFChannelItemVC.swift; sourceTree = "<group>"; };
		74D6BD4424AE951600207A19 /* TFFollowerItemVC.swift */ = {isa = PBXFileReference; lastKnownFileType = sourcecode.swift; path = TFFollowerItemVC.swift; sourceTree = "<group>"; };
		74D6BD4624B68E4F00207A19 /* String+Ext.swift */ = {isa = PBXFileReference; lastKnownFileType = sourcecode.swift; path = "String+Ext.swift"; sourceTree = "<group>"; };
		74D6BD4824BF61BE00207A19 /* StreamsVC.swift */ = {isa = PBXFileReference; lastKnownFileType = sourcecode.swift; path = StreamsVC.swift; sourceTree = "<group>"; };
		74D6BD4A24BF864500207A19 /* Stream.swift */ = {isa = PBXFileReference; lastKnownFileType = sourcecode.swift; path = Stream.swift; sourceTree = "<group>"; };
		74D6BD4C24BF907800207A19 /* TFThumbnailImageView.swift */ = {isa = PBXFileReference; lastKnownFileType = sourcecode.swift; path = TFThumbnailImageView.swift; sourceTree = "<group>"; };
		74D6BD4E24BF90BE00207A19 /* TFViewerCountView.swift */ = {isa = PBXFileReference; lastKnownFileType = sourcecode.swift; path = TFViewerCountView.swift; sourceTree = "<group>"; };
		74D6BD5024BF92B800207A19 /* UITableView+Ext.swift */ = {isa = PBXFileReference; lastKnownFileType = sourcecode.swift; path = "UITableView+Ext.swift"; sourceTree = "<group>"; };
		74D6BD5224BF934B00207A19 /* StreamCell.swift */ = {isa = PBXFileReference; lastKnownFileType = sourcecode.swift; path = StreamCell.swift; sourceTree = "<group>"; };
		74D6BD5624C1085000207A19 /* PersistenceManager.swift */ = {isa = PBXFileReference; lastKnownFileType = sourcecode.swift; path = PersistenceManager.swift; sourceTree = "<group>"; };
		74D6BD5824C11C4900207A19 /* FavoriteCell.swift */ = {isa = PBXFileReference; lastKnownFileType = sourcecode.swift; path = FavoriteCell.swift; sourceTree = "<group>"; };
		74D6BD5C24C6A92D00207A19 /* .gitignore */ = {isa = PBXFileReference; fileEncoding = 4; lastKnownFileType = text; path = .gitignore; sourceTree = "<group>"; };
/* End PBXFileReference section */

/* Begin PBXFrameworksBuildPhase section */
		7462610224A412C30051633F /* Frameworks */ = {
			isa = PBXFrameworksBuildPhase;
			buildActionMask = 2147483647;
			files = (
			);
			runOnlyForDeploymentPostprocessing = 0;
		};
		7462611824A412CF0051633F /* Frameworks */ = {
			isa = PBXFrameworksBuildPhase;
			buildActionMask = 2147483647;
			files = (
			);
			runOnlyForDeploymentPostprocessing = 0;
		};
		7462612324A412CF0051633F /* Frameworks */ = {
			isa = PBXFrameworksBuildPhase;
			buildActionMask = 2147483647;
			files = (
			);
			runOnlyForDeploymentPostprocessing = 0;
		};
/* End PBXFrameworksBuildPhase section */

/* Begin PBXGroup section */
		746260FC24A412C20051633F = {
			isa = PBXGroup;
			children = (
				7462610724A412C30051633F /* Twitch Followers */,
				7462611E24A412CF0051633F /* Twitch FollowersTests */,
				7462612924A412CF0051633F /* Twitch FollowersUITests */,
				7462610624A412C30051633F /* Products */,
			);
			sourceTree = "<group>";
		};
		7462610624A412C30051633F /* Products */ = {
			isa = PBXGroup;
			children = (
				7462610524A412C30051633F /* Twitch Followers.app */,
				7462611B24A412CF0051633F /* Twitch FollowersTests.xctest */,
				7462612624A412CF0051633F /* Twitch FollowersUITests.xctest */,
			);
			name = Products;
			sourceTree = "<group>";
		};
		7462610724A412C30051633F /* Twitch Followers */ = {
			isa = PBXGroup;
			children = (
				74D6BD5C24C6A92D00207A19 /* .gitignore */,
				7462614324A51CA60051633F /* Utilities */,
				74D4DA9D24A5510300E7B453 /* Managers */,
				74D4DA9A24A5450A00E7B453 /* Models */,
				7462614624A51E020051633F /* Extensions */,
				7462613824A429E10051633F /* Custom Views */,
				7462613D24A42A940051633F /* Screens */,
				7462613A24A429FD0051633F /* Support */,
				7462611624A412CF0051633F /* Info.plist */,
			);
			path = "Twitch Followers";
			sourceTree = "<group>";
		};
		7462611E24A412CF0051633F /* Twitch FollowersTests */ = {
			isa = PBXGroup;
			children = (
				7462611F24A412CF0051633F /* Twitch_FollowersTests.swift */,
				7462612124A412CF0051633F /* Info.plist */,
			);
			path = "Twitch FollowersTests";
			sourceTree = "<group>";
		};
		7462612924A412CF0051633F /* Twitch FollowersUITests */ = {
			isa = PBXGroup;
			children = (
				7462612A24A412CF0051633F /* Twitch_FollowersUITests.swift */,
				7462612C24A412CF0051633F /* Info.plist */,
			);
			path = "Twitch FollowersUITests";
			sourceTree = "<group>";
		};
		7462613824A429E10051633F /* Custom Views */ = {
			isa = PBXGroup;
			children = (
				74D6BD3024AA869500207A19 /* View Controllers */,
				74D4DAB524A6795A00E7B453 /* Views */,
				74D4DAA924A57FC600E7B453 /* Labels */,
				74D4DAA424A57B6500E7B453 /* Cells */,
				7462614C24A5253C0051633F /* Buttons */,
				7462614924A522610051633F /* TextFields */,
				7462614224A43E5C0051633F /* Image Views */,
				7462613924A429E90051633F /* TabBarControllers */,
			);
			path = "Custom Views";
			sourceTree = "<group>";
		};
		7462613924A429E90051633F /* TabBarControllers */ = {
			isa = PBXGroup;
			children = (
				7462613B24A42A530051633F /* TFTabBarController.swift */,
			);
			path = TabBarControllers;
			sourceTree = "<group>";
		};
		7462613A24A429FD0051633F /* Support */ = {
			isa = PBXGroup;
			children = (
				7462610824A412C30051633F /* AppDelegate.swift */,
				7462610A24A412C30051633F /* SceneDelegate.swift */,
				7462611124A412CF0051633F /* Assets.xcassets */,
				7462611324A412CF0051633F /* LaunchScreen.storyboard */,
			);
			path = Support;
			sourceTree = "<group>";
		};
		7462613D24A42A940051633F /* Screens */ = {
			isa = PBXGroup;
			children = (
				7462613E24A42B130051633F /* SearchVC.swift */,
				7462614024A42B220051633F /* FavoritesListVC.swift */,
				74D4DA9824A5356F00E7B453 /* FollowerListVC.swift */,
				74D4DAAC24A583F100E7B453 /* UserInfoVC.swift */,
				74D6BD4824BF61BE00207A19 /* StreamsVC.swift */,
			);
			path = Screens;
			sourceTree = "<group>";
		};
		7462614224A43E5C0051633F /* Image Views */ = {
			isa = PBXGroup;
			children = (
				74D4DAA724A57BDC00E7B453 /* TFAvatarImageView.swift */,
				74D6BD3A24AE73FD00207A19 /* TFGameImageView.swift */,
				74D6BD3624AABAFD00207A19 /* TFChannelStatusImageView.swift */,
				74D6BD4C24BF907800207A19 /* TFThumbnailImageView.swift */,
			);
			path = "Image Views";
			sourceTree = "<group>";
		};
		7462614324A51CA60051633F /* Utilities */ = {
			isa = PBXGroup;
			children = (
				7462614424A51CB90051633F /* Constants.swift */,
				74D4DAA024A5519B00E7B453 /* TFError.swift */,
				74D4DAAE24A5847A00E7B453 /* UIHelper.swift */,
			);
			path = Utilities;
			sourceTree = "<group>";
		};
		7462614624A51E020051633F /* Extensions */ = {
			isa = PBXGroup;
			children = (
				7462614724A51E1D0051633F /* UIView+Ext.swift */,
				74D6BD2624A67E7E00207A19 /* UIViewController+Ext.swift */,
				74D6BD2C24A8D8BF00207A19 /* NSLayoutConstraint+Ext.swift */,
				74D6BD4624B68E4F00207A19 /* String+Ext.swift */,
				74D6BD5024BF92B800207A19 /* UITableView+Ext.swift */,
			);
			path = Extensions;
			sourceTree = "<group>";
		};
		7462614924A522610051633F /* TextFields */ = {
			isa = PBXGroup;
			children = (
				7462614A24A522820051633F /* TFTextField.swift */,
			);
			path = TextFields;
			sourceTree = "<group>";
		};
		7462614C24A5253C0051633F /* Buttons */ = {
			isa = PBXGroup;
			children = (
				7462614D24A5254D0051633F /* TFButton.swift */,
			);
			path = Buttons;
			sourceTree = "<group>";
		};
		74D4DA9A24A5450A00E7B453 /* Models */ = {
			isa = PBXGroup;
			children = (
				74D4DA9B24A5451900E7B453 /* User.swift */,
				74D4DAA224A5612C00E7B453 /* Follower.swift */,
				74D6BD3424AAAFBA00207A19 /* Channel.swift */,
				74D6BD3C24AE79B800207A19 /* Game.swift */,
				74D6BD4A24BF864500207A19 /* Stream.swift */,
			);
			path = Models;
			sourceTree = "<group>";
		};
		74D4DA9D24A5510300E7B453 /* Managers */ = {
			isa = PBXGroup;
			children = (
				74D4DA9E24A5511500E7B453 /* NetworkManager.swift */,
				74D6BD5624C1085000207A19 /* PersistenceManager.swift */,
			);
			path = Managers;
			sourceTree = "<group>";
		};
		74D4DAA424A57B6500E7B453 /* Cells */ = {
			isa = PBXGroup;
			children = (
				74D4DAA524A57B7E00E7B453 /* FollowerCell.swift */,
				74D6BD5224BF934B00207A19 /* StreamCell.swift */,
				74D6BD5824C11C4900207A19 /* FavoriteCell.swift */,
			);
			path = Cells;
			sourceTree = "<group>";
		};
		74D4DAA924A57FC600E7B453 /* Labels */ = {
			isa = PBXGroup;
			children = (
				74D4DAAA24A57FE200E7B453 /* TFTitleLabel.swift */,
				74D6BD2E24AA7D1C00207A19 /* TFSecondaryTitleLabel.swift */,
				74D4DAB824A679D200E7B453 /* TFBodyLabel.swift */,
			);
			path = Labels;
			sourceTree = "<group>";
		};
		74D4DAB524A6795A00E7B453 /* Views */ = {
			isa = PBXGroup;
			children = (
				74D4DAB324A678B200E7B453 /* TFAlertContainerView.swift */,
				74D6BD2824A6C1C900207A19 /* TFEmptyStateView.swift */,
				74D6BD4E24BF90BE00207A19 /* TFViewerCountView.swift */,
			);
			path = Views;
			sourceTree = "<group>";
		};
		74D6BD3024AA869500207A19 /* View Controllers */ = {
			isa = PBXGroup;
			children = (
				74D6BD3324AAAAEC00207A19 /* ItemInfo VCs */,
				74D6BD3124AA86B000207A19 /* TFUserInfoHeaderVC.swift */,
				74D6BD3824AE73C300207A19 /* TFChannelInfoVC.swift */,
				74D4DAB624A6797B00E7B453 /* TFAlertVC.swift */,
				74D4DAB124A5850500E7B453 /* TFDataLoadingVC.swift */,
			);
			path = "View Controllers";
			sourceTree = "<group>";
		};
		74D6BD3324AAAAEC00207A19 /* ItemInfo VCs */ = {
			isa = PBXGroup;
			children = (
				74D6BD3E24AE856500207A19 /* TFItemInfoVC.swift */,
				74D6BD4224AE909900207A19 /* TFChannelItemVC.swift */,
				74D6BD4424AE951600207A19 /* TFFollowerItemVC.swift */,
			);
			path = "ItemInfo VCs";
			sourceTree = "<group>";
		};
/* End PBXGroup section */

/* Begin PBXNativeTarget section */
		7462610424A412C30051633F /* Twitch Followers */ = {
			isa = PBXNativeTarget;
			buildConfigurationList = 7462612F24A412CF0051633F /* Build configuration list for PBXNativeTarget "Twitch Followers" */;
			buildPhases = (
				7462610124A412C30051633F /* Sources */,
				7462610224A412C30051633F /* Frameworks */,
				7462610324A412C30051633F /* Resources */,
			);
			buildRules = (
			);
			dependencies = (
			);
			name = "Twitch Followers";
			productName = "Twitch Followers";
			productReference = 7462610524A412C30051633F /* Twitch Followers.app */;
			productType = "com.apple.product-type.application";
		};
		7462611A24A412CF0051633F /* Twitch FollowersTests */ = {
			isa = PBXNativeTarget;
			buildConfigurationList = 7462613224A412CF0051633F /* Build configuration list for PBXNativeTarget "Twitch FollowersTests" */;
			buildPhases = (
				7462611724A412CF0051633F /* Sources */,
				7462611824A412CF0051633F /* Frameworks */,
				7462611924A412CF0051633F /* Resources */,
			);
			buildRules = (
			);
			dependencies = (
				7462611D24A412CF0051633F /* PBXTargetDependency */,
			);
			name = "Twitch FollowersTests";
			productName = "Twitch FollowersTests";
			productReference = 7462611B24A412CF0051633F /* Twitch FollowersTests.xctest */;
			productType = "com.apple.product-type.bundle.unit-test";
		};
		7462612524A412CF0051633F /* Twitch FollowersUITests */ = {
			isa = PBXNativeTarget;
			buildConfigurationList = 7462613524A412CF0051633F /* Build configuration list for PBXNativeTarget "Twitch FollowersUITests" */;
			buildPhases = (
				7462612224A412CF0051633F /* Sources */,
				7462612324A412CF0051633F /* Frameworks */,
				7462612424A412CF0051633F /* Resources */,
			);
			buildRules = (
			);
			dependencies = (
				7462612824A412CF0051633F /* PBXTargetDependency */,
			);
			name = "Twitch FollowersUITests";
			productName = "Twitch FollowersUITests";
			productReference = 7462612624A412CF0051633F /* Twitch FollowersUITests.xctest */;
			productType = "com.apple.product-type.bundle.ui-testing";
		};
/* End PBXNativeTarget section */

/* Begin PBXProject section */
		746260FD24A412C20051633F /* Project object */ = {
			isa = PBXProject;
			attributes = {
				LastSwiftUpdateCheck = 1150;
				LastUpgradeCheck = 1150;
				ORGANIZATIONNAME = "Evan Jameson";
				TargetAttributes = {
					7462610424A412C30051633F = {
						CreatedOnToolsVersion = 11.5;
					};
					7462611A24A412CF0051633F = {
						CreatedOnToolsVersion = 11.5;
						TestTargetID = 7462610424A412C30051633F;
					};
					7462612524A412CF0051633F = {
						CreatedOnToolsVersion = 11.5;
						TestTargetID = 7462610424A412C30051633F;
					};
				};
			};
			buildConfigurationList = 7462610024A412C20051633F /* Build configuration list for PBXProject "Twitch Followers" */;
			compatibilityVersion = "Xcode 9.3";
			developmentRegion = en;
			hasScannedForEncodings = 0;
			knownRegions = (
				en,
				Base,
			);
			mainGroup = 746260FC24A412C20051633F;
			productRefGroup = 7462610624A412C30051633F /* Products */;
			projectDirPath = "";
			projectRoot = "";
			targets = (
				7462610424A412C30051633F /* Twitch Followers */,
				7462611A24A412CF0051633F /* Twitch FollowersTests */,
				7462612524A412CF0051633F /* Twitch FollowersUITests */,
			);
		};
/* End PBXProject section */

/* Begin PBXResourcesBuildPhase section */
		7462610324A412C30051633F /* Resources */ = {
			isa = PBXResourcesBuildPhase;
			buildActionMask = 2147483647;
			files = (
				7462611524A412CF0051633F /* LaunchScreen.storyboard in Resources */,
				74D6BD5D24C6A92E00207A19 /* .gitignore in Resources */,
				7462611224A412CF0051633F /* Assets.xcassets in Resources */,
			);
			runOnlyForDeploymentPostprocessing = 0;
		};
		7462611924A412CF0051633F /* Resources */ = {
			isa = PBXResourcesBuildPhase;
			buildActionMask = 2147483647;
			files = (
			);
			runOnlyForDeploymentPostprocessing = 0;
		};
		7462612424A412CF0051633F /* Resources */ = {
			isa = PBXResourcesBuildPhase;
			buildActionMask = 2147483647;
			files = (
			);
			runOnlyForDeploymentPostprocessing = 0;
		};
/* End PBXResourcesBuildPhase section */

/* Begin PBXSourcesBuildPhase section */
		7462610124A412C30051633F /* Sources */ = {
			isa = PBXSourcesBuildPhase;
			buildActionMask = 2147483647;
			files = (
				74D4DAB724A6797B00E7B453 /* TFAlertVC.swift in Sources */,
				74D4DA9F24A5511500E7B453 /* NetworkManager.swift in Sources */,
				74D6BD3B24AE73FD00207A19 /* TFGameImageView.swift in Sources */,
				74D6BD4524AE951600207A19 /* TFFollowerItemVC.swift in Sources */,
				74D4DAA324A5612C00E7B453 /* Follower.swift in Sources */,
				74D4DAA624A57B7E00E7B453 /* FollowerCell.swift in Sources */,
				7462613F24A42B130051633F /* SearchVC.swift in Sources */,
				74D6BD4F24BF90BE00207A19 /* TFViewerCountView.swift in Sources */,
				7462610924A412C30051633F /* AppDelegate.swift in Sources */,
				74D4DA9924A5356F00E7B453 /* FollowerListVC.swift in Sources */,
				74D4DAB924A679D200E7B453 /* TFBodyLabel.swift in Sources */,
				74D6BD4924BF61BE00207A19 /* StreamsVC.swift in Sources */,
				74D4DAB424A678B200E7B453 /* TFAlertContainerView.swift in Sources */,
				74D6BD2F24AA7D1C00207A19 /* TFSecondaryTitleLabel.swift in Sources */,
				74D6BD3224AA86B000207A19 /* TFUserInfoHeaderVC.swift in Sources */,
				7462614124A42B220051633F /* FavoritesListVC.swift in Sources */,
				7462613C24A42A530051633F /* TFTabBarController.swift in Sources */,
				74D6BD2D24A8D8BF00207A19 /* NSLayoutConstraint+Ext.swift in Sources */,
				74D6BD4D24BF907800207A19 /* TFThumbnailImageView.swift in Sources */,
				7462614824A51E1D0051633F /* UIView+Ext.swift in Sources */,
				74D4DAA824A57BDC00E7B453 /* TFAvatarImageView.swift in Sources */,
				74D6BD3724AABAFD00207A19 /* TFChannelStatusImageView.swift in Sources */,
				74D6BD3524AAAFBA00207A19 /* Channel.swift in Sources */,
				74D4DAAB24A57FE200E7B453 /* TFTitleLabel.swift in Sources */,
				74D6BD4B24BF864500207A19 /* Stream.swift in Sources */,
				74D6BD2724A67E7E00207A19 /* UIViewController+Ext.swift in Sources */,
				74D6BD4724B68E4F00207A19 /* String+Ext.swift in Sources */,
				7462610B24A412C30051633F /* SceneDelegate.swift in Sources */,
				74D4DAA124A5519B00E7B453 /* TFError.swift in Sources */,
				7462614524A51CB90051633F /* Constants.swift in Sources */,
				7462614E24A5254D0051633F /* TFButton.swift in Sources */,
				74D6BD5724C1085000207A19 /* PersistenceManager.swift in Sources */,
				74D6BD3924AE73C300207A19 /* TFChannelInfoVC.swift in Sources */,
				74D6BD5324BF934B00207A19 /* StreamCell.swift in Sources */,
				74D6BD4324AE909900207A19 /* TFChannelItemVC.swift in Sources */,
				74D6BD2924A6C1C900207A19 /* TFEmptyStateView.swift in Sources */,
				74D6BD3F24AE856500207A19 /* TFItemInfoVC.swift in Sources */,
				74D4DAB224A5850500E7B453 /* TFDataLoadingVC.swift in Sources */,
				74D6BD3D24AE79B800207A19 /* Game.swift in Sources */,
				74D4DAAF24A5847A00E7B453 /* UIHelper.swift in Sources */,
				7462614B24A522820051633F /* TFTextField.swift in Sources */,
				74D6BD5124BF92B800207A19 /* UITableView+Ext.swift in Sources */,
				74D6BD5924C11C4900207A19 /* FavoriteCell.swift in Sources */,
				74D4DA9C24A5451900E7B453 /* User.swift in Sources */,
				74D4DAAD24A583F100E7B453 /* UserInfoVC.swift in Sources */,
			);
			runOnlyForDeploymentPostprocessing = 0;
		};
		7462611724A412CF0051633F /* Sources */ = {
			isa = PBXSourcesBuildPhase;
			buildActionMask = 2147483647;
			files = (
				7462612024A412CF0051633F /* Twitch_FollowersTests.swift in Sources */,
			);
			runOnlyForDeploymentPostprocessing = 0;
		};
		7462612224A412CF0051633F /* Sources */ = {
			isa = PBXSourcesBuildPhase;
			buildActionMask = 2147483647;
			files = (
				7462612B24A412CF0051633F /* Twitch_FollowersUITests.swift in Sources */,
			);
			runOnlyForDeploymentPostprocessing = 0;
		};
/* End PBXSourcesBuildPhase section */

/* Begin PBXTargetDependency section */
		7462611D24A412CF0051633F /* PBXTargetDependency */ = {
			isa = PBXTargetDependency;
			target = 7462610424A412C30051633F /* Twitch Followers */;
			targetProxy = 7462611C24A412CF0051633F /* PBXContainerItemProxy */;
		};
		7462612824A412CF0051633F /* PBXTargetDependency */ = {
			isa = PBXTargetDependency;
			target = 7462610424A412C30051633F /* Twitch Followers */;
			targetProxy = 7462612724A412CF0051633F /* PBXContainerItemProxy */;
		};
/* End PBXTargetDependency section */

/* Begin PBXVariantGroup section */
		7462611324A412CF0051633F /* LaunchScreen.storyboard */ = {
			isa = PBXVariantGroup;
			children = (
				7462611424A412CF0051633F /* Base */,
			);
			name = LaunchScreen.storyboard;
			sourceTree = "<group>";
		};
/* End PBXVariantGroup section */

/* Begin XCBuildConfiguration section */
		7462612D24A412CF0051633F /* Debug */ = {
			isa = XCBuildConfiguration;
			buildSettings = {
				ALWAYS_SEARCH_USER_PATHS = NO;
				CLANG_ANALYZER_NONNULL = YES;
				CLANG_ANALYZER_NUMBER_OBJECT_CONVERSION = YES_AGGRESSIVE;
				CLANG_CXX_LANGUAGE_STANDARD = "gnu++14";
				CLANG_CXX_LIBRARY = "libc++";
				CLANG_ENABLE_MODULES = YES;
				CLANG_ENABLE_OBJC_ARC = YES;
				CLANG_ENABLE_OBJC_WEAK = YES;
				CLANG_WARN_BLOCK_CAPTURE_AUTORELEASING = YES;
				CLANG_WARN_BOOL_CONVERSION = YES;
				CLANG_WARN_COMMA = YES;
				CLANG_WARN_CONSTANT_CONVERSION = YES;
				CLANG_WARN_DEPRECATED_OBJC_IMPLEMENTATIONS = YES;
				CLANG_WARN_DIRECT_OBJC_ISA_USAGE = YES_ERROR;
				CLANG_WARN_DOCUMENTATION_COMMENTS = YES;
				CLANG_WARN_EMPTY_BODY = YES;
				CLANG_WARN_ENUM_CONVERSION = YES;
				CLANG_WARN_INFINITE_RECURSION = YES;
				CLANG_WARN_INT_CONVERSION = YES;
				CLANG_WARN_NON_LITERAL_NULL_CONVERSION = YES;
				CLANG_WARN_OBJC_IMPLICIT_RETAIN_SELF = YES;
				CLANG_WARN_OBJC_LITERAL_CONVERSION = YES;
				CLANG_WARN_OBJC_ROOT_CLASS = YES_ERROR;
				CLANG_WARN_RANGE_LOOP_ANALYSIS = YES;
				CLANG_WARN_STRICT_PROTOTYPES = YES;
				CLANG_WARN_SUSPICIOUS_MOVE = YES;
				CLANG_WARN_UNGUARDED_AVAILABILITY = YES_AGGRESSIVE;
				CLANG_WARN_UNREACHABLE_CODE = YES;
				CLANG_WARN__DUPLICATE_METHOD_MATCH = YES;
				COPY_PHASE_STRIP = NO;
				DEBUG_INFORMATION_FORMAT = dwarf;
				ENABLE_STRICT_OBJC_MSGSEND = YES;
				ENABLE_TESTABILITY = YES;
				GCC_C_LANGUAGE_STANDARD = gnu11;
				GCC_DYNAMIC_NO_PIC = NO;
				GCC_NO_COMMON_BLOCKS = YES;
				GCC_OPTIMIZATION_LEVEL = 0;
				GCC_PREPROCESSOR_DEFINITIONS = (
					"DEBUG=1",
					"$(inherited)",
				);
				GCC_WARN_64_TO_32_BIT_CONVERSION = YES;
				GCC_WARN_ABOUT_RETURN_TYPE = YES_ERROR;
				GCC_WARN_UNDECLARED_SELECTOR = YES;
				GCC_WARN_UNINITIALIZED_AUTOS = YES_AGGRESSIVE;
				GCC_WARN_UNUSED_FUNCTION = YES;
				GCC_WARN_UNUSED_VARIABLE = YES;
				IPHONEOS_DEPLOYMENT_TARGET = 13.5;
				MTL_ENABLE_DEBUG_INFO = INCLUDE_SOURCE;
				MTL_FAST_MATH = YES;
				ONLY_ACTIVE_ARCH = YES;
				SDKROOT = iphoneos;
				SWIFT_ACTIVE_COMPILATION_CONDITIONS = DEBUG;
				SWIFT_OPTIMIZATION_LEVEL = "-Onone";
			};
			name = Debug;
		};
		7462612E24A412CF0051633F /* Release */ = {
			isa = XCBuildConfiguration;
			buildSettings = {
				ALWAYS_SEARCH_USER_PATHS = NO;
				CLANG_ANALYZER_NONNULL = YES;
				CLANG_ANALYZER_NUMBER_OBJECT_CONVERSION = YES_AGGRESSIVE;
				CLANG_CXX_LANGUAGE_STANDARD = "gnu++14";
				CLANG_CXX_LIBRARY = "libc++";
				CLANG_ENABLE_MODULES = YES;
				CLANG_ENABLE_OBJC_ARC = YES;
				CLANG_ENABLE_OBJC_WEAK = YES;
				CLANG_WARN_BLOCK_CAPTURE_AUTORELEASING = YES;
				CLANG_WARN_BOOL_CONVERSION = YES;
				CLANG_WARN_COMMA = YES;
				CLANG_WARN_CONSTANT_CONVERSION = YES;
				CLANG_WARN_DEPRECATED_OBJC_IMPLEMENTATIONS = YES;
				CLANG_WARN_DIRECT_OBJC_ISA_USAGE = YES_ERROR;
				CLANG_WARN_DOCUMENTATION_COMMENTS = YES;
				CLANG_WARN_EMPTY_BODY = YES;
				CLANG_WARN_ENUM_CONVERSION = YES;
				CLANG_WARN_INFINITE_RECURSION = YES;
				CLANG_WARN_INT_CONVERSION = YES;
				CLANG_WARN_NON_LITERAL_NULL_CONVERSION = YES;
				CLANG_WARN_OBJC_IMPLICIT_RETAIN_SELF = YES;
				CLANG_WARN_OBJC_LITERAL_CONVERSION = YES;
				CLANG_WARN_OBJC_ROOT_CLASS = YES_ERROR;
				CLANG_WARN_RANGE_LOOP_ANALYSIS = YES;
				CLANG_WARN_STRICT_PROTOTYPES = YES;
				CLANG_WARN_SUSPICIOUS_MOVE = YES;
				CLANG_WARN_UNGUARDED_AVAILABILITY = YES_AGGRESSIVE;
				CLANG_WARN_UNREACHABLE_CODE = YES;
				CLANG_WARN__DUPLICATE_METHOD_MATCH = YES;
				COPY_PHASE_STRIP = NO;
				DEBUG_INFORMATION_FORMAT = "dwarf-with-dsym";
				ENABLE_NS_ASSERTIONS = NO;
				ENABLE_STRICT_OBJC_MSGSEND = YES;
				GCC_C_LANGUAGE_STANDARD = gnu11;
				GCC_NO_COMMON_BLOCKS = YES;
				GCC_WARN_64_TO_32_BIT_CONVERSION = YES;
				GCC_WARN_ABOUT_RETURN_TYPE = YES_ERROR;
				GCC_WARN_UNDECLARED_SELECTOR = YES;
				GCC_WARN_UNINITIALIZED_AUTOS = YES_AGGRESSIVE;
				GCC_WARN_UNUSED_FUNCTION = YES;
				GCC_WARN_UNUSED_VARIABLE = YES;
				IPHONEOS_DEPLOYMENT_TARGET = 13.5;
				MTL_ENABLE_DEBUG_INFO = NO;
				MTL_FAST_MATH = YES;
				SDKROOT = iphoneos;
				SWIFT_COMPILATION_MODE = wholemodule;
				SWIFT_OPTIMIZATION_LEVEL = "-O";
				VALIDATE_PRODUCT = YES;
			};
			name = Release;
		};
		7462613024A412CF0051633F /* Debug */ = {
			isa = XCBuildConfiguration;
			buildSettings = {
				ASSETCATALOG_COMPILER_APPICON_NAME = AppIcon;
				CODE_SIGN_STYLE = Automatic;
				DEVELOPMENT_TEAM = 8DU5NS7T8P;
				INFOPLIST_FILE = "Twitch Followers/Info.plist";
				LD_RUNPATH_SEARCH_PATHS = (
					"$(inherited)",
					"@executable_path/Frameworks",
				);
				PRODUCT_BUNDLE_IDENTIFIER = "EJ.Twitch-Followers";
				PRODUCT_NAME = "$(TARGET_NAME)";
				SWIFT_VERSION = 5.0;
				TARGETED_DEVICE_FAMILY = 1;
			};
			name = Debug;
		};
		7462613124A412CF0051633F /* Release */ = {
			isa = XCBuildConfiguration;
			buildSettings = {
				ASSETCATALOG_COMPILER_APPICON_NAME = AppIcon;
				CODE_SIGN_STYLE = Automatic;
				DEVELOPMENT_TEAM = 8DU5NS7T8P;
				INFOPLIST_FILE = "Twitch Followers/Info.plist";
				LD_RUNPATH_SEARCH_PATHS = (
					"$(inherited)",
					"@executable_path/Frameworks",
				);
				PRODUCT_BUNDLE_IDENTIFIER = "EJ.Twitch-Followers";
				PRODUCT_NAME = "$(TARGET_NAME)";
				SWIFT_VERSION = 5.0;
				TARGETED_DEVICE_FAMILY = 1;
			};
			name = Release;
		};
		7462613324A412CF0051633F /* Debug */ = {
			isa = XCBuildConfiguration;
			buildSettings = {
				ALWAYS_EMBED_SWIFT_STANDARD_LIBRARIES = YES;
				BUNDLE_LOADER = "$(TEST_HOST)";
				CODE_SIGN_STYLE = Automatic;
				DEVELOPMENT_TEAM = 8DU5NS7T8P;
				INFOPLIST_FILE = "Twitch FollowersTests/Info.plist";
				IPHONEOS_DEPLOYMENT_TARGET = 13.5;
				LD_RUNPATH_SEARCH_PATHS = (
					"$(inherited)",
					"@executable_path/Frameworks",
					"@loader_path/Frameworks",
				);
				PRODUCT_BUNDLE_IDENTIFIER = "EJ.Twitch-FollowersTests";
				PRODUCT_NAME = "$(TARGET_NAME)";
				SWIFT_VERSION = 5.0;
				TARGETED_DEVICE_FAMILY = "1,2";
				TEST_HOST = "$(BUILT_PRODUCTS_DIR)/Twitch Followers.app/Twitch Followers";
			};
			name = Debug;
		};
		7462613424A412CF0051633F /* Release */ = {
			isa = XCBuildConfiguration;
			buildSettings = {
				ALWAYS_EMBED_SWIFT_STANDARD_LIBRARIES = YES;
				BUNDLE_LOADER = "$(TEST_HOST)";
				CODE_SIGN_STYLE = Automatic;
				DEVELOPMENT_TEAM = 8DU5NS7T8P;
				INFOPLIST_FILE = "Twitch FollowersTests/Info.plist";
				IPHONEOS_DEPLOYMENT_TARGET = 13.5;
				LD_RUNPATH_SEARCH_PATHS = (
					"$(inherited)",
					"@executable_path/Frameworks",
					"@loader_path/Frameworks",
				);
				PRODUCT_BUNDLE_IDENTIFIER = "EJ.Twitch-FollowersTests";
				PRODUCT_NAME = "$(TARGET_NAME)";
				SWIFT_VERSION = 5.0;
				TARGETED_DEVICE_FAMILY = "1,2";
				TEST_HOST = "$(BUILT_PRODUCTS_DIR)/Twitch Followers.app/Twitch Followers";
			};
			name = Release;
		};
		7462613624A412CF0051633F /* Debug */ = {
			isa = XCBuildConfiguration;
			buildSettings = {
				ALWAYS_EMBED_SWIFT_STANDARD_LIBRARIES = YES;
				CODE_SIGN_STYLE = Automatic;
				DEVELOPMENT_TEAM = 8DU5NS7T8P;
				INFOPLIST_FILE = "Twitch FollowersUITests/Info.plist";
				LD_RUNPATH_SEARCH_PATHS = (
					"$(inherited)",
					"@executable_path/Frameworks",
					"@loader_path/Frameworks",
				);
				PRODUCT_BUNDLE_IDENTIFIER = "EJ.Twitch-FollowersUITests";
				PRODUCT_NAME = "$(TARGET_NAME)";
				SWIFT_VERSION = 5.0;
				TARGETED_DEVICE_FAMILY = "1,2";
				TEST_TARGET_NAME = "Twitch Followers";
			};
			name = Debug;
		};
		7462613724A412CF0051633F /* Release */ = {
			isa = XCBuildConfiguration;
			buildSettings = {
				ALWAYS_EMBED_SWIFT_STANDARD_LIBRARIES = YES;
				CODE_SIGN_STYLE = Automatic;
				DEVELOPMENT_TEAM = 8DU5NS7T8P;
				INFOPLIST_FILE = "Twitch FollowersUITests/Info.plist";
				LD_RUNPATH_SEARCH_PATHS = (
					"$(inherited)",
					"@executable_path/Frameworks",
					"@loader_path/Frameworks",
				);
				PRODUCT_BUNDLE_IDENTIFIER = "EJ.Twitch-FollowersUITests";
				PRODUCT_NAME = "$(TARGET_NAME)";
				SWIFT_VERSION = 5.0;
				TARGETED_DEVICE_FAMILY = "1,2";
				TEST_TARGET_NAME = "Twitch Followers";
			};
			name = Release;
		};
/* End XCBuildConfiguration section */

/* Begin XCConfigurationList section */
		7462610024A412C20051633F /* Build configuration list for PBXProject "Twitch Followers" */ = {
			isa = XCConfigurationList;
			buildConfigurations = (
				7462612D24A412CF0051633F /* Debug */,
				7462612E24A412CF0051633F /* Release */,
			);
			defaultConfigurationIsVisible = 0;
			defaultConfigurationName = Release;
		};
		7462612F24A412CF0051633F /* Build configuration list for PBXNativeTarget "Twitch Followers" */ = {
			isa = XCConfigurationList;
			buildConfigurations = (
				7462613024A412CF0051633F /* Debug */,
				7462613124A412CF0051633F /* Release */,
			);
			defaultConfigurationIsVisible = 0;
			defaultConfigurationName = Release;
		};
		7462613224A412CF0051633F /* Build configuration list for PBXNativeTarget "Twitch FollowersTests" */ = {
			isa = XCConfigurationList;
			buildConfigurations = (
				7462613324A412CF0051633F /* Debug */,
				7462613424A412CF0051633F /* Release */,
			);
			defaultConfigurationIsVisible = 0;
			defaultConfigurationName = Release;
		};
		7462613524A412CF0051633F /* Build configuration list for PBXNativeTarget "Twitch FollowersUITests" */ = {
			isa = XCConfigurationList;
			buildConfigurations = (
				7462613624A412CF0051633F /* Debug */,
				7462613724A412CF0051633F /* Release */,
			);
			defaultConfigurationIsVisible = 0;
			defaultConfigurationName = Release;
		};
/* End XCConfigurationList section */
	};
	rootObject = 746260FD24A412C20051633F /* Project object */;
}
